
Microsoft Visual Studio Solution File, Format Version 12.00
# Visual Studio Version 17
VisualStudioVersion = 17.8.34601.278
MinimumVisualStudioVersion = 10.0.40219.1
Project("{9A19103F-16F7-4668-BE54-9A1E7A4F7556}") = "Lab2_A1", "Lab2_A1\Lab2_A1.csproj", "{9F7A68E4-BEB0-4075-9B5A-54EE47547353}"
EndProject
Global
	GlobalSection(SolutionConfigurationPlatforms) = preSolution
		Debug|Any CPU = Debug|Any CPU
		Release|Any CPU = Release|Any CPU
	EndGlobalSection
	GlobalSection(ProjectConfigurationPlatforms) = postSolution
		{9F7A68E4-BEB0-4075-9B5A-54EE47547353}.Debug|Any CPU.ActiveCfg = Debug|Any CPU
		{9F7A68E4-BEB0-4075-9B5A-54EE47547353}.Debug|Any CPU.Build.0 = Debug|Any CPU
		{9F7A68E4-BEB0-4075-9B5A-54EE47547353}.Release|Any CPU.ActiveCfg = Release|Any CPU
		{9F7A68E4-BEB0-4075-9B5A-54EE47547353}.Release|Any CPU.Build.0 = Release|Any CPU
	EndGlobalSection
	GlobalSection(SolutionProperties) = preSolution
		HideSolutionNode = FALSE
	EndGlobalSection
	GlobalSection(ExtensibilityGlobals) = postSolution
		SolutionGuid = {C8EEA7DC-C629-4CF5-951D-383FA6567C5B}
	EndGlobalSection
EndGlobal
