
Microsoft Visual Studio Solution File, Format Version 12.00
# Visual Studio Version 17
VisualStudioVersion = 17.8.34601.278
MinimumVisualStudioVersion = 10.0.40219.1
Project("{FAE04EC0-301F-11D3-BF4B-00C04F79EFBC}") = "Lab2_A2", "Lab2_A2.csproj", "{FE48E3EF-3794-4399-921F-660F1D99F503}"
EndProject
Global
	GlobalSection(SolutionConfigurationPlatforms) = preSolution
		Debug|Any CPU = Debug|Any CPU
		Release|Any CPU = Release|Any CPU
	EndGlobalSection
	GlobalSection(ProjectConfigurationPlatforms) = postSolution
		{FE48E3EF-3794-4399-921F-660F1D99F503}.Debug|Any CPU.ActiveCfg = Debug|Any CPU
		{FE48E3EF-3794-4399-921F-660F1D99F503}.Debug|Any CPU.Build.0 = Debug|Any CPU
		{FE48E3EF-3794-4399-921F-660F1D99F503}.Release|Any CPU.ActiveCfg = Release|Any CPU
		{FE48E3EF-3794-4399-921F-660F1D99F503}.Release|Any CPU.Build.0 = Release|Any CPU
	EndGlobalSection
	GlobalSection(SolutionProperties) = preSolution
		HideSolutionNode = FALSE
	EndGlobalSection
	GlobalSection(ExtensibilityGlobals) = postSolution
		SolutionGuid = {8A3FC9C3-3181-4534-93CB-2998B9DD450B}
	EndGlobalSection
EndGlobal
